
Microsoft Visual Studio Solution File, Format Version 12.00
# Visual Studio Version 17
VisualStudioVersion = 17.0.31611.283
MinimumVisualStudioVersion = 10.0.40219.1
Project("{9A19103F-16F7-4668-BE54-9A1E7A4F7556}") = "TestServer.Maui", "TestServer.Maui.csproj", "{5D437B4E-5768-41EC-B62B-4FB4BD8751C4}"
EndProject
Project("{9A19103F-16F7-4668-BE54-9A1E7A4F7556}") = "TestServer", "..\TestServer\TestServer.csproj", "{93987A1A-5498-4173-997A-A2E82A197C91}"
EndProject
Global
	GlobalSection(SolutionConfigurationPlatforms) = preSolution
		Debug|Any CPU = Debug|Any CPU
		Release|Any CPU = Release|Any CPU
	EndGlobalSection
	GlobalSection(ProjectConfigurationPlatforms) = postSolution
		{5D437B4E-5768-41EC-B62B-4FB4BD8751C4}.Debug|Any CPU.ActiveCfg = Debug|Any CPU
		{5D437B4E-5768-41EC-B62B-4FB4BD8751C4}.Debug|Any CPU.Build.0 = Debug|Any CPU
		{5D437B4E-5768-41EC-B62B-4FB4BD8751C4}.Debug|Any CPU.Deploy.0 = Debug|Any CPU
		{5D437B4E-5768-41EC-B62B-4FB4BD8751C4}.Release|Any CPU.ActiveCfg = Release|Any CPU
		{5D437B4E-5768-41EC-B62B-4FB4BD8751C4}.Release|Any CPU.Build.0 = Release|Any CPU
		{5D437B4E-5768-41EC-B62B-4FB4BD8751C4}.Release|Any CPU.Deploy.0 = Release|Any CPU
		{93987A1A-5498-4173-997A-A2E82A197C91}.Debug|Any CPU.ActiveCfg = Debug|Any CPU
		{93987A1A-5498-4173-997A-A2E82A197C91}.Debug|Any CPU.Build.0 = Debug|Any CPU
		{93987A1A-5498-4173-997A-A2E82A197C91}.Release|Any CPU.ActiveCfg = Release|Any CPU
		{93987A1A-5498-4173-997A-A2E82A197C91}.Release|Any CPU.Build.0 = Release|Any CPU
	EndGlobalSection
	GlobalSection(SolutionProperties) = preSolution
		HideSolutionNode = FALSE
	EndGlobalSection
	GlobalSection(ExtensibilityGlobals) = postSolution
		SolutionGuid = {61F7FB11-1E47-470C-91E2-47F8143E1572}
	EndGlobalSection
EndGlobal
